{
  "version": 4,
  "terraform_version": "1.14.8",
  "serial": 6,
  "lineage": "7ebfc626-985a-c598-03b5-1d5909ceabd1",
  "outputs": {},
  "resources": [
    {
      "mode": "managed",
      "type": "aws_instance",
      "name": "app",
      "provider": "provider[\"registry.terraform.io/hashicorp/aws\"]",
      "instances": [
        {
          "schema_version": 2,
          "attributes": {
            "ami": "ami-0ea87431b78a82070",
            "arn": "arn:aws:ec2:us-east-1:944487268358:instance/i-0d45b532f1cee4df1",
            "associate_public_ip_address": true,
            "availability_zone": "us-east-1b",
            "capacity_reservation_specification": [
              {
                "capacity_reservation_preference": "open",
                "capacity_reservation_target": []
              }
            ],
            "cpu_options": [
              {
                "amd_sev_snp": "",
                "core_count": 1,
                "nested_virtualization": "",
                "threads_per_core": 1
              }
            ],
            "credit_specification": [
              {
                "cpu_credits": "standard"
              }
            ],
            "disable_api_stop": false,
            "disable_api_termination": false,
            "ebs_block_device": [],
            "ebs_optimized": false,
            "enable_primary_ipv6": null,
            "enclave_options": [
              {
                "enabled": false
              }
            ],
            "ephemeral_block_device": [],
            "force_destroy": false,
            "get_password_data": false,
            "hibernation": false,
            "host_id": "",
            "host_resource_group_arn": null,
            "iam_instance_profile": "",
            "id": "i-0d45b532f1cee4df1",
            "instance_initiated_shutdown_behavior": "stop",
            "instance_lifecycle": "",
            "instance_market_options": [],
            "instance_state": "running",
            "instance_type": "t2.micro",
            "ipv6_address_count": 0,
            "ipv6_addresses": [],
            "key_name": "",
            "launch_template": [],
            "maintenance_options": [
              {
                "auto_recovery": "default"
              }
            ],
            "metadata_options": [
              {
                "http_endpoint": "enabled",
                "http_protocol_ipv6": "disabled",
                "http_put_response_hop_limit": 2,
                "http_tokens": "required",
                "instance_metadata_tags": "disabled"
              }
            ],
            "monitoring": false,
            "network_interface": [],
            "outpost_arn": "",
            "password_data": "",
            "placement_group": "",
            "placement_group_id": "",
            "placement_partition_number": 0,
            "primary_network_interface": [
              {
                "delete_on_termination": true,
                "network_interface_id": "eni-08a200867d7d6b15e"
              }
            ],
            "primary_network_interface_id": "eni-08a200867d7d6b15e",
            "private_dns": "ip-172-31-30-131.ec2.internal",
            "private_dns_name_options": [
              {
                "enable_resource_name_dns_a_record": false,
                "enable_resource_name_dns_aaaa_record": false,
                "hostname_type": "ip-name"
              }
            ],
            "private_ip": "172.31.30.131",
            "public_dns": "ec2-13-220-186-133.compute-1.amazonaws.com",
            "public_ip": "13.220.186.133",
            "region": "us-east-1",
            "root_block_device": [
              {
                "delete_on_termination": true,
                "device_name": "/dev/xvda",
                "encrypted": false,
                "iops": 3000,
                "kms_key_id": "",
                "tags": {},
                "tags_all": {},
                "throughput": 125,
                "volume_id": "vol-087fa9ea7b8153209",
                "volume_size": 8,
                "volume_type": "gp3"
              }
            ],
            "secondary_network_interface": [],
            "secondary_private_ips": [],
            "security_groups": [
              "selfheal-terraform-sg"
            ],
            "source_dest_check": true,
            "spot_instance_request_id": "",
            "subnet_id": "subnet-0baec5a6b73d105b3",
            "tags": {
              "Name": "selfheal-terraform-ec2"
            },
            "tags_all": {
              "Name": "selfheal-terraform-ec2"
            },
            "tenancy": "default",
            "timeouts": null,
            "user_data": "#!/bin/bash\n\n# Update system\nyum update -y\n\n# Install python + pip\nyum install -y python3 python3-pip\n\n# Install flask properly\npython3 -m pip install --upgrade pip\npython3 -m pip install flask\n\n# Install CloudWatch agent\nyum install -y amazon-cloudwatch-agent\n\n# Create Flask app\ncat \u003c\u003cEOF \u003e /home/ec2-user/app.py\nfrom flask import Flask\napp = Flask(__name__)\n\n@app.route('/')\ndef home():\n    return \"App is running\"\n\n@app.route('/health')\ndef health():\n    return {\"status\": \"ok\"}, 200\n\napp.run(host=\"0.0.0.0\", port=5000)\nEOF\n\n# Give proper ownership (important for stability)\nchown ec2-user:ec2-user /home/ec2-user/app.py\n\n# Run app in background (more reliable)\nnohup python3 /home/ec2-user/app.py \u003e /home/ec2-user/output.log 2\u003e\u00261 \u0026\n\n# Wait a bit to ensure app starts before logs agent\nsleep 10\n\n# Create CloudWatch config\ncat \u003c\u003cEOF \u003e /opt/aws/amazon-cloudwatch-agent/etc/amazon-cloudwatch-agent.json\n{\n  \"logs\": {\n    \"logs_collected\": {\n      \"files\": {\n        \"collect_list\": [\n          {\n            \"file_path\": \"/home/ec2-user/output.log\",\n            \"log_group_name\": \"selfheal-app-logs\",\n            \"log_stream_name\": \"{instance_id}\",\n            \"timezone\": \"UTC\"\n          }\n        ]\n      }\n    }\n  }\n}\nEOF\n\n# Start CloudWatch agent\n/opt/aws/amazon-cloudwatch-agent/bin/amazon-cloudwatch-agent-ctl \\\n-a fetch-config \\\n-m ec2 \\\n-c file:/opt/aws/amazon-cloudwatch-agent/etc/amazon-cloudwatch-agent.json \\\n-s\n",
            "user_data_base64": null,
            "user_data_replace_on_change": false,
            "volume_tags": null,
            "vpc_security_group_ids": [
              "sg-0481e0c8f7eeb8701"
            ]
          },
          "sensitive_attributes": [],
          "identity_schema_version": 0,
          "identity": {
            "account_id": "944487268358",
            "id": "i-0d45b532f1cee4df1",
            "region": "us-east-1"
          },
          "private": "eyJlMmJmYjczMC1lY2FhLTExZTYtOGY4OC0zNDM2M2JjN2M0YzAiOnsiY3JlYXRlIjo2MDAwMDAwMDAwMDAsImRlbGV0ZSI6MTIwMDAwMDAwMDAwMCwicmVhZCI6OTAwMDAwMDAwMDAwLCJ1cGRhdGUiOjYwMDAwMDAwMDAwMH0sInNjaGVtYV92ZXJzaW9uIjoiMiJ9",
          "dependencies": [
            "aws_security_group.app_sg"
          ]
        }
      ]
    },
    {
      "mode": "managed",
      "type": "aws_security_group",
      "name": "app_sg",
      "provider": "provider[\"registry.terraform.io/hashicorp/aws\"]",
      "instances": [
        {
          "schema_version": 1,
          "attributes": {
            "arn": "arn:aws:ec2:us-east-1:944487268358:security-group/sg-0481e0c8f7eeb8701",
            "description": "Allow Flask, SSH, HTTP",
            "egress": [
              {
                "cidr_blocks": [
                  "0.0.0.0/0"
                ],
                "description": "",
                "from_port": 0,
                "ipv6_cidr_blocks": [],
                "prefix_list_ids": [],
                "protocol": "-1",
                "security_groups": [],
                "self": false,
                "to_port": 0
              }
            ],
            "id": "sg-0481e0c8f7eeb8701",
            "ingress": [
              {
                "cidr_blocks": [
                  "0.0.0.0/0"
                ],
                "description": "",
                "from_port": 5000,
                "ipv6_cidr_blocks": [],
                "prefix_list_ids": [],
                "protocol": "tcp",
                "security_groups": [],
                "self": false,
                "to_port": 5000
              },
              {
                "cidr_blocks": [
                  "0.0.0.0/0"
                ],
                "description": "",
                "from_port": 80,
                "ipv6_cidr_blocks": [],
                "prefix_list_ids": [],
                "protocol": "tcp",
                "security_groups": [],
                "self": false,
                "to_port": 80
              },
              {
                "cidr_blocks": [
                  "119.252.194.81/32"
                ],
                "description": "",
                "from_port": 22,
                "ipv6_cidr_blocks": [],
                "prefix_list_ids": [],
                "protocol": "tcp",
                "security_groups": [],
                "self": false,
                "to_port": 22
              }
            ],
            "name": "selfheal-terraform-sg",
            "name_prefix": "",
            "owner_id": "944487268358",
            "region": "us-east-1",
            "revoke_rules_on_delete": false,
            "tags": null,
            "tags_all": {},
            "timeouts": null,
            "vpc_id": "vpc-0a0778ed3bb0db8bc"
          },
          "sensitive_attributes": [],
          "identity_schema_version": 0,
          "identity": {
            "account_id": "944487268358",
            "id": "sg-0481e0c8f7eeb8701",
            "region": "us-east-1"
          },
          "private": "eyJlMmJmYjczMC1lY2FhLTExZTYtOGY4OC0zNDM2M2JjN2M0YzAiOnsiY3JlYXRlIjo2MDAwMDAwMDAwMDAsImRlbGV0ZSI6OTAwMDAwMDAwMDAwfSwic2NoZW1hX3ZlcnNpb24iOiIxIn0="
        }
      ]
    }
  ],
  "check_results": null
}
